
Microsoft Visual Studio Solution File, Format Version 12.00
# Visual Studio Version 17
VisualStudioVersion = 17.10.35122.118
MinimumVisualStudioVersion = 10.0.40219.1
Project("{FAE04EC0-301F-11D3-BF4B-00C04F79EFBC}") = "ShopEasy", "ShopEasy.csproj", "{5F8B094D-B404-495D-A464-B14F65BA9148}"
EndProject
Global
	GlobalSection(SolutionConfigurationPlatforms) = preSolution
		Debug|Any CPU = Debug|Any CPU
		Release|Any CPU = Release|Any CPU
	EndGlobalSection
	GlobalSection(ProjectConfigurationPlatforms) = postSolution
		{5F8B094D-B404-495D-A464-B14F65BA9148}.Debug|Any CPU.ActiveCfg = Debug|Any CPU
		{5F8B094D-B404-495D-A464-B14F65BA9148}.Debug|Any CPU.Build.0 = Debug|Any CPU
		{5F8B094D-B404-495D-A464-B14F65BA9148}.Release|Any CPU.ActiveCfg = Release|Any CPU
		{5F8B094D-B404-495D-A464-B14F65BA9148}.Release|Any CPU.Build.0 = Release|Any CPU
	EndGlobalSection
	GlobalSection(SolutionProperties) = preSolution
		HideSolutionNode = FALSE
	EndGlobalSection
	GlobalSection(ExtensibilityGlobals) = postSolution
		SolutionGuid = {09CF7258-54D1-4E75-B7F6-32A4AFCF7282}
	EndGlobalSection
EndGlobal
