
Microsoft Visual Studio Solution File, Format Version 12.00
# Visual Studio Version 17
VisualStudioVersion = 17.10.35122.118
MinimumVisualStudioVersion = 10.0.40219.1
Project("{FAE04EC0-301F-11D3-BF4B-00C04F79EFBC}") = "QuizzApp", "QuizzApp.csproj", "{BECA9E60-9490-412A-ADAC-99D61968D99D}"
EndProject
Global
	GlobalSection(SolutionConfigurationPlatforms) = preSolution
		Debug|Any CPU = Debug|Any CPU
		Release|Any CPU = Release|Any CPU
	EndGlobalSection
	GlobalSection(ProjectConfigurationPlatforms) = postSolution
		{BECA9E60-9490-412A-ADAC-99D61968D99D}.Debug|Any CPU.ActiveCfg = Debug|Any CPU
		{BECA9E60-9490-412A-ADAC-99D61968D99D}.Debug|Any CPU.Build.0 = Debug|Any CPU
		{BECA9E60-9490-412A-ADAC-99D61968D99D}.Release|Any CPU.ActiveCfg = Release|Any CPU
		{BECA9E60-9490-412A-ADAC-99D61968D99D}.Release|Any CPU.Build.0 = Release|Any CPU
	EndGlobalSection
	GlobalSection(SolutionProperties) = preSolution
		HideSolutionNode = FALSE
	EndGlobalSection
	GlobalSection(ExtensibilityGlobals) = postSolution
		SolutionGuid = {54963F1A-FE8F-437D-9377-CF108CE8FAD6}
	EndGlobalSection
EndGlobal
